
Microsoft Visual Studio Solution File, Format Version 12.00
# Visual Studio Version 17
VisualStudioVersion = 17.7.34202.233
MinimumVisualStudioVersion = 10.0.40219.1
Project("{8BC9CEB8-8B4A-11D0-8D11-00A0C91BC942}") = "lab8_1", "lab8_1\lab8_1.vcxproj", "{9E652057-291E-47FD-A2EC-1330CF02CE1F}"
EndProject
Project("{8BC9CEB8-8B4A-11D0-8D11-00A0C91BC942}") = "lab8_2", "lab8_2\lab8_2.vcxproj", "{9C5442EF-BA88-4F1C-8A73-4DA4186CA467}"
EndProject
Project("{8BC9CEB8-8B4A-11D0-8D11-00A0C91BC942}") = "lab8_3", "lab8_3\lab8_3.vcxproj", "{86748A0B-92A9-4B5E-93A9-0FC7420034B3}"
EndProject
Project("{8BC9CEB8-8B4A-11D0-8D11-00A0C91BC942}") = "sort_library", "sortlibrary\sortlibrary.vcxproj", "{54E9BD0D-ED3F-4ED8-A451-918B72FDCE52}"
EndProject
Project("{8BC9CEB8-8B4A-11D0-8D11-00A0C91BC942}") = "input_check", "input_check\input_check.vcxproj", "{67CCD6B0-A29A-4176-A138-FF5BEA694271}"
EndProject
Global
	GlobalSection(SolutionConfigurationPlatforms) = preSolution
		Debug|x64 = Debug|x64
		Debug|x86 = Debug|x86
		Release|x64 = Release|x64
		Release|x86 = Release|x86
	EndGlobalSection
	GlobalSection(ProjectConfigurationPlatforms) = postSolution
		{9E652057-291E-47FD-A2EC-1330CF02CE1F}.Debug|x64.ActiveCfg = Debug|x64
		{9E652057-291E-47FD-A2EC-1330CF02CE1F}.Debug|x64.Build.0 = Debug|x64
		{9E652057-291E-47FD-A2EC-1330CF02CE1F}.Debug|x86.ActiveCfg = Debug|Win32
		{9E652057-291E-47FD-A2EC-1330CF02CE1F}.Debug|x86.Build.0 = Debug|Win32
		{9E652057-291E-47FD-A2EC-1330CF02CE1F}.Release|x64.ActiveCfg = Release|x64
		{9E652057-291E-47FD-A2EC-1330CF02CE1F}.Release|x64.Build.0 = Release|x64
		{9E652057-291E-47FD-A2EC-1330CF02CE1F}.Release|x86.ActiveCfg = Release|Win32
		{9E652057-291E-47FD-A2EC-1330CF02CE1F}.Release|x86.Build.0 = Release|Win32
		{9C5442EF-BA88-4F1C-8A73-4DA4186CA467}.Debug|x64.ActiveCfg = Debug|x64
		{9C5442EF-BA88-4F1C-8A73-4DA4186CA467}.Debug|x64.Build.0 = Debug|x64
		{9C5442EF-BA88-4F1C-8A73-4DA4186CA467}.Debug|x86.ActiveCfg = Debug|Win32
		{9C5442EF-BA88-4F1C-8A73-4DA4186CA467}.Debug|x86.Build.0 = Debug|Win32
		{9C5442EF-BA88-4F1C-8A73-4DA4186CA467}.Release|x64.ActiveCfg = Release|x64
		{9C5442EF-BA88-4F1C-8A73-4DA4186CA467}.Release|x64.Build.0 = Release|x64
		{9C5442EF-BA88-4F1C-8A73-4DA4186CA467}.Release|x86.ActiveCfg = Release|Win32
		{9C5442EF-BA88-4F1C-8A73-4DA4186CA467}.Release|x86.Build.0 = Release|Win32
		{86748A0B-92A9-4B5E-93A9-0FC7420034B3}.Debug|x64.ActiveCfg = Debug|x64
		{86748A0B-92A9-4B5E-93A9-0FC7420034B3}.Debug|x64.Build.0 = Debug|x64
		{86748A0B-92A9-4B5E-93A9-0FC7420034B3}.Debug|x86.ActiveCfg = Debug|Win32
		{86748A0B-92A9-4B5E-93A9-0FC7420034B3}.Debug|x86.Build.0 = Debug|Win32
		{86748A0B-92A9-4B5E-93A9-0FC7420034B3}.Release|x64.ActiveCfg = Release|x64
		{86748A0B-92A9-4B5E-93A9-0FC7420034B3}.Release|x64.Build.0 = Release|x64
		{86748A0B-92A9-4B5E-93A9-0FC7420034B3}.Release|x86.ActiveCfg = Release|Win32
		{86748A0B-92A9-4B5E-93A9-0FC7420034B3}.Release|x86.Build.0 = Release|Win32
		{54E9BD0D-ED3F-4ED8-A451-918B72FDCE52}.Debug|x64.ActiveCfg = Debug|x64
		{54E9BD0D-ED3F-4ED8-A451-918B72FDCE52}.Debug|x64.Build.0 = Debug|x64
		{54E9BD0D-ED3F-4ED8-A451-918B72FDCE52}.Debug|x86.ActiveCfg = Debug|Win32
		{54E9BD0D-ED3F-4ED8-A451-918B72FDCE52}.Debug|x86.Build.0 = Debug|Win32
		{54E9BD0D-ED3F-4ED8-A451-918B72FDCE52}.Release|x64.ActiveCfg = Release|x64
		{54E9BD0D-ED3F-4ED8-A451-918B72FDCE52}.Release|x64.Build.0 = Release|x64
		{54E9BD0D-ED3F-4ED8-A451-918B72FDCE52}.Release|x86.ActiveCfg = Release|Win32
		{54E9BD0D-ED3F-4ED8-A451-918B72FDCE52}.Release|x86.Build.0 = Release|Win32
		{67CCD6B0-A29A-4176-A138-FF5BEA694271}.Debug|x64.ActiveCfg = Debug|x64
		{67CCD6B0-A29A-4176-A138-FF5BEA694271}.Debug|x64.Build.0 = Debug|x64
		{67CCD6B0-A29A-4176-A138-FF5BEA694271}.Debug|x86.ActiveCfg = Debug|Win32
		{67CCD6B0-A29A-4176-A138-FF5BEA694271}.Debug|x86.Build.0 = Debug|Win32
		{67CCD6B0-A29A-4176-A138-FF5BEA694271}.Release|x64.ActiveCfg = Release|x64
		{67CCD6B0-A29A-4176-A138-FF5BEA694271}.Release|x64.Build.0 = Release|x64
		{67CCD6B0-A29A-4176-A138-FF5BEA694271}.Release|x86.ActiveCfg = Release|Win32
		{67CCD6B0-A29A-4176-A138-FF5BEA694271}.Release|x86.Build.0 = Release|Win32
	EndGlobalSection
	GlobalSection(SolutionProperties) = preSolution
		HideSolutionNode = FALSE
	EndGlobalSection
	GlobalSection(ExtensibilityGlobals) = postSolution
		SolutionGuid = {7BB44809-79F9-4516-B3D7-04D56B012D89}
	EndGlobalSection
EndGlobal
